
Microsoft Visual Studio Solution File, Format Version 12.00
# Visual Studio Version 17
VisualStudioVersion = 17.0.31903.59
MinimumVisualStudioVersion = 10.0.40219.1
Project("{FAE04EC0-301F-11D3-BF4B-00C04F79EFBC}") = "CmlLib", "src\CmlLib.csproj", "{DA4BA9FE-B2A2-4C05-B107-4D8BB620CB8A}"
EndProject
Project("{FAE04EC0-301F-11D3-BF4B-00C04F79EFBC}") = "CmlLib.Core.Test", "test\CmlLib.Core.Test.csproj", "{86827E6C-1353-4DF1-968F-31801A5EB032}"
EndProject
Project("{2150E333-8FDC-42A3-9474-1A3956D46DE8}") = "examples", "examples", "{6C52D5EC-0391-43EB-B34A-E5AA1E5BBBFE}"
EndProject
Project("{FAE04EC0-301F-11D3-BF4B-00C04F79EFBC}") = "CmlLibCoreSample", "examples\console\CmlLibCoreSample.csproj", "{C9F876F3-5579-4B3A-A808-17845BB9C744}"
EndProject
Project("{FAE04EC0-301F-11D3-BF4B-00C04F79EFBC}") = "CmlLibWinFormSample", "examples\winform\CmlLibWinFormSample.csproj", "{362D93FE-B624-451E-AAD9-D66EFBE90EC3}"
EndProject
Global
	GlobalSection(SolutionConfigurationPlatforms) = preSolution
		Debug|Any CPU = Debug|Any CPU
		Release|Any CPU = Release|Any CPU
	EndGlobalSection
	GlobalSection(SolutionProperties) = preSolution
		HideSolutionNode = FALSE
	EndGlobalSection
	GlobalSection(ProjectConfigurationPlatforms) = postSolution
		{DA4BA9FE-B2A2-4C05-B107-4D8BB620CB8A}.Debug|Any CPU.ActiveCfg = Debug|Any CPU
		{DA4BA9FE-B2A2-4C05-B107-4D8BB620CB8A}.Debug|Any CPU.Build.0 = Debug|Any CPU
		{DA4BA9FE-B2A2-4C05-B107-4D8BB620CB8A}.Release|Any CPU.ActiveCfg = Release|Any CPU
		{DA4BA9FE-B2A2-4C05-B107-4D8BB620CB8A}.Release|Any CPU.Build.0 = Release|Any CPU
		{86827E6C-1353-4DF1-968F-31801A5EB032}.Debug|Any CPU.ActiveCfg = Debug|Any CPU
		{86827E6C-1353-4DF1-968F-31801A5EB032}.Debug|Any CPU.Build.0 = Debug|Any CPU
		{86827E6C-1353-4DF1-968F-31801A5EB032}.Release|Any CPU.ActiveCfg = Release|Any CPU
		{86827E6C-1353-4DF1-968F-31801A5EB032}.Release|Any CPU.Build.0 = Release|Any CPU
		{C9F876F3-5579-4B3A-A808-17845BB9C744}.Debug|Any CPU.ActiveCfg = Debug|Any CPU
		{C9F876F3-5579-4B3A-A808-17845BB9C744}.Debug|Any CPU.Build.0 = Debug|Any CPU
		{C9F876F3-5579-4B3A-A808-17845BB9C744}.Release|Any CPU.ActiveCfg = Release|Any CPU
		{C9F876F3-5579-4B3A-A808-17845BB9C744}.Release|Any CPU.Build.0 = Release|Any CPU
		{362D93FE-B624-451E-AAD9-D66EFBE90EC3}.Debug|Any CPU.ActiveCfg = Debug|Any CPU
		{362D93FE-B624-451E-AAD9-D66EFBE90EC3}.Debug|Any CPU.Build.0 = Debug|Any CPU
		{362D93FE-B624-451E-AAD9-D66EFBE90EC3}.Release|Any CPU.ActiveCfg = Release|Any CPU
		{362D93FE-B624-451E-AAD9-D66EFBE90EC3}.Release|Any CPU.Build.0 = Release|Any CPU
	EndGlobalSection
	GlobalSection(NestedProjects) = preSolution
		{C9F876F3-5579-4B3A-A808-17845BB9C744} = {6C52D5EC-0391-43EB-B34A-E5AA1E5BBBFE}
		{362D93FE-B624-451E-AAD9-D66EFBE90EC3} = {6C52D5EC-0391-43EB-B34A-E5AA1E5BBBFE}
	EndGlobalSection
EndGlobal
