
Microsoft Visual Studio Solution File, Format Version 12.00
# Visual Studio Version 16
VisualStudioVersion = 16.0.29613.14
MinimumVisualStudioVersion = 10.0.40219.1
Project("{9A19103F-16F7-4668-BE54-9A1E7A4F7556}") = "CmlLib", "CmlLib\CmlLib.csproj", "{42DA3664-158E-4130-B7B2-4A7E86CC94B5}"
EndProject
Project("{FAE04EC0-301F-11D3-BF4B-00C04F79EFBC}") = "CmlLibCoreSample", "CmlLibCoreSample\CmlLibCoreSample.csproj", "{F4BFC9AD-62F7-40D4-B857-3669BC30DC24}"
	ProjectSection(ProjectDependencies) = postProject
		{42DA3664-158E-4130-B7B2-4A7E86CC94B5} = {42DA3664-158E-4130-B7B2-4A7E86CC94B5}
	EndProjectSection
EndProject
Global
	GlobalSection(SolutionConfigurationPlatforms) = preSolution
		Debug|Any CPU = Debug|Any CPU
		Release|Any CPU = Release|Any CPU
	EndGlobalSection
	GlobalSection(ProjectConfigurationPlatforms) = postSolution
		{42DA3664-158E-4130-B7B2-4A7E86CC94B5}.Debug|Any CPU.ActiveCfg = Debug|Any CPU
		{42DA3664-158E-4130-B7B2-4A7E86CC94B5}.Debug|Any CPU.Build.0 = Debug|Any CPU
		{42DA3664-158E-4130-B7B2-4A7E86CC94B5}.Release|Any CPU.ActiveCfg = Release|Any CPU
		{42DA3664-158E-4130-B7B2-4A7E86CC94B5}.Release|Any CPU.Build.0 = Release|Any CPU
		{F4BFC9AD-62F7-40D4-B857-3669BC30DC24}.Debug|Any CPU.ActiveCfg = Debug|Any CPU
		{F4BFC9AD-62F7-40D4-B857-3669BC30DC24}.Debug|Any CPU.Build.0 = Debug|Any CPU
		{F4BFC9AD-62F7-40D4-B857-3669BC30DC24}.Release|Any CPU.ActiveCfg = Release|Any CPU
		{F4BFC9AD-62F7-40D4-B857-3669BC30DC24}.Release|Any CPU.Build.0 = Release|Any CPU
	EndGlobalSection
	GlobalSection(SolutionProperties) = preSolution
		HideSolutionNode = FALSE
	EndGlobalSection
	GlobalSection(ExtensibilityGlobals) = postSolution
		SolutionGuid = {9A943E77-7D4A-4BBC-9D1E-83185AA2E7B5}
	EndGlobalSection
EndGlobal
