
Microsoft Visual Studio Solution File, Format Version 12.00
# Visual Studio Version 17
VisualStudioVersion = 17.0.31903.59
MinimumVisualStudioVersion = 10.0.40219.1
Project("{9A19103F-16F7-4668-BE54-9A1E7A4F7556}") = "CmlLib.Core.Test", "test\CmlLib.Core.Test.csproj", "{86827E6C-1353-4DF1-968F-31801A5EB032}"
EndProject
Project("{2150E333-8FDC-42A3-9474-1A3956D46DE8}") = "examples", "examples", "{6C52D5EC-0391-43EB-B34A-E5AA1E5BBBFE}"
EndProject
Project("{9A19103F-16F7-4668-BE54-9A1E7A4F7556}") = "CmlLibCoreSample", "examples\console\CmlLibCoreSample.csproj", "{C9F876F3-5579-4B3A-A808-17845BB9C744}"
EndProject
Project("{9A19103F-16F7-4668-BE54-9A1E7A4F7556}") = "CmlLibWinFormSample", "examples\winform\CmlLibWinFormSample.csproj", "{362D93FE-B624-451E-AAD9-D66EFBE90EC3}"
EndProject
Project("{9A19103F-16F7-4668-BE54-9A1E7A4F7556}") = "CmlLib.Core.Benchmarks", "benchmark\CmlLib.Core.Benchmarks.csproj", "{99852557-DBA7-4E13-A883-4B535F0D33FB}"
EndProject
Project("{9A19103F-16F7-4668-BE54-9A1E7A4F7556}") = "CmlLib.Core", "src\CmlLib.Core.csproj", "{F9718097-45C5-40CD-80B1-42408BEA8935}"
EndProject
Global
	GlobalSection(SolutionConfigurationPlatforms) = preSolution
		Debug|Any CPU = Debug|Any CPU
		Release|Any CPU = Release|Any CPU
	EndGlobalSection
	GlobalSection(ProjectConfigurationPlatforms) = postSolution
		{86827E6C-1353-4DF1-968F-31801A5EB032}.Debug|Any CPU.ActiveCfg = Debug|Any CPU
		{86827E6C-1353-4DF1-968F-31801A5EB032}.Debug|Any CPU.Build.0 = Debug|Any CPU
		{86827E6C-1353-4DF1-968F-31801A5EB032}.Release|Any CPU.ActiveCfg = Release|Any CPU
		{86827E6C-1353-4DF1-968F-31801A5EB032}.Release|Any CPU.Build.0 = Release|Any CPU
		{C9F876F3-5579-4B3A-A808-17845BB9C744}.Debug|Any CPU.ActiveCfg = Debug|Any CPU
		{C9F876F3-5579-4B3A-A808-17845BB9C744}.Debug|Any CPU.Build.0 = Debug|Any CPU
		{C9F876F3-5579-4B3A-A808-17845BB9C744}.Release|Any CPU.ActiveCfg = Release|Any CPU
		{C9F876F3-5579-4B3A-A808-17845BB9C744}.Release|Any CPU.Build.0 = Release|Any CPU
		{362D93FE-B624-451E-AAD9-D66EFBE90EC3}.Debug|Any CPU.ActiveCfg = Debug|Any CPU
		{362D93FE-B624-451E-AAD9-D66EFBE90EC3}.Debug|Any CPU.Build.0 = Debug|Any CPU
		{362D93FE-B624-451E-AAD9-D66EFBE90EC3}.Release|Any CPU.ActiveCfg = Release|Any CPU
		{362D93FE-B624-451E-AAD9-D66EFBE90EC3}.Release|Any CPU.Build.0 = Release|Any CPU
		{99852557-DBA7-4E13-A883-4B535F0D33FB}.Debug|Any CPU.ActiveCfg = Debug|Any CPU
		{99852557-DBA7-4E13-A883-4B535F0D33FB}.Debug|Any CPU.Build.0 = Debug|Any CPU
		{99852557-DBA7-4E13-A883-4B535F0D33FB}.Release|Any CPU.ActiveCfg = Release|Any CPU
		{99852557-DBA7-4E13-A883-4B535F0D33FB}.Release|Any CPU.Build.0 = Release|Any CPU
		{F9718097-45C5-40CD-80B1-42408BEA8935}.Debug|Any CPU.ActiveCfg = Debug|Any CPU
		{F9718097-45C5-40CD-80B1-42408BEA8935}.Debug|Any CPU.Build.0 = Debug|Any CPU
		{F9718097-45C5-40CD-80B1-42408BEA8935}.Release|Any CPU.ActiveCfg = Release|Any CPU
		{F9718097-45C5-40CD-80B1-42408BEA8935}.Release|Any CPU.Build.0 = Release|Any CPU
	EndGlobalSection
	GlobalSection(SolutionProperties) = preSolution
		HideSolutionNode = FALSE
	EndGlobalSection
	GlobalSection(NestedProjects) = preSolution
		{C9F876F3-5579-4B3A-A808-17845BB9C744} = {6C52D5EC-0391-43EB-B34A-E5AA1E5BBBFE}
		{362D93FE-B624-451E-AAD9-D66EFBE90EC3} = {6C52D5EC-0391-43EB-B34A-E5AA1E5BBBFE}
	EndGlobalSection
	GlobalSection(ExtensibilityGlobals) = postSolution
		SolutionGuid = {B19F9927-91FB-4CA6-96D9-6C375C06B3C8}
	EndGlobalSection
EndGlobal
