
Microsoft Visual Studio Solution File, Format Version 12.00
# Visual Studio 15
VisualStudioVersion = 15.0.26730.12
MinimumVisualStudioVersion = 10.0.40219.1
Project("{FAE04EC0-301F-11D3-BF4B-00C04F79EFBC}") = "CmlLib", "CmlLib\CmlLib.csproj", "{6B013934-3114-4064-BC4C-30DE40C732BC}"
EndProject
Project("{FAE04EC0-301F-11D3-BF4B-00C04F79EFBC}") = "CmlLibSample", "CmlLibSample\CmlLibSample.csproj", "{B1039297-A10F-4B09-83D1-1011DE1E6127}"
	ProjectSection(ProjectDependencies) = postProject
		{6B013934-3114-4064-BC4C-30DE40C732BC} = {6B013934-3114-4064-BC4C-30DE40C732BC}
	EndProjectSection
EndProject
Global
	GlobalSection(SolutionConfigurationPlatforms) = preSolution
		Debug|Any CPU = Debug|Any CPU
		Release|Any CPU = Release|Any CPU
	EndGlobalSection
	GlobalSection(ProjectConfigurationPlatforms) = postSolution
		{6B013934-3114-4064-BC4C-30DE40C732BC}.Debug|Any CPU.ActiveCfg = Debug|Any CPU
		{6B013934-3114-4064-BC4C-30DE40C732BC}.Debug|Any CPU.Build.0 = Debug|Any CPU
		{6B013934-3114-4064-BC4C-30DE40C732BC}.Release|Any CPU.ActiveCfg = Release|Any CPU
		{6B013934-3114-4064-BC4C-30DE40C732BC}.Release|Any CPU.Build.0 = Release|Any CPU
		{B1039297-A10F-4B09-83D1-1011DE1E6127}.Debug|Any CPU.ActiveCfg = Debug|Any CPU
		{B1039297-A10F-4B09-83D1-1011DE1E6127}.Debug|Any CPU.Build.0 = Debug|Any CPU
		{B1039297-A10F-4B09-83D1-1011DE1E6127}.Release|Any CPU.ActiveCfg = Release|Any CPU
		{B1039297-A10F-4B09-83D1-1011DE1E6127}.Release|Any CPU.Build.0 = Release|Any CPU
	EndGlobalSection
	GlobalSection(SolutionProperties) = preSolution
		HideSolutionNode = FALSE
	EndGlobalSection
	GlobalSection(ExtensibilityGlobals) = postSolution
		SolutionGuid = {74586EF4-0D24-4F55-BAC4-15CFA6B96AC4}
	EndGlobalSection
EndGlobal
